
Microsoft Visual Studio Solution File, Format Version 12.00
# Visual Studio Version 17
VisualStudioVersion = 17.1.32328.378
MinimumVisualStudioVersion = 10.0.40219.1
Project("{9A19103F-16F7-4668-BE54-9A1E7A4F7556}") = "Backend", "Backend\Backend.csproj", "{28B58F86-9220-4174-BA1D-50EEA53DD81F}"
EndProject
Project("{9A19103F-16F7-4668-BE54-9A1E7A4F7556}") = "Tests", "Tests\Tests.csproj", "{43383575-4482-4F42-B15D-ECCCE95E9EE8}"
EndProject
Global
	GlobalSection(SolutionConfigurationPlatforms) = preSolution
		Debug|Any CPU = Debug|Any CPU
		Release|Any CPU = Release|Any CPU
	EndGlobalSection
	GlobalSection(ProjectConfigurationPlatforms) = postSolution
		{28B58F86-9220-4174-BA1D-50EEA53DD81F}.Debug|Any CPU.ActiveCfg = Debug|Any CPU
		{28B58F86-9220-4174-BA1D-50EEA53DD81F}.Debug|Any CPU.Build.0 = Debug|Any CPU
		{28B58F86-9220-4174-BA1D-50EEA53DD81F}.Release|Any CPU.ActiveCfg = Release|Any CPU
		{28B58F86-9220-4174-BA1D-50EEA53DD81F}.Release|Any CPU.Build.0 = Release|Any CPU
		{43383575-4482-4F42-B15D-ECCCE95E9EE8}.Debug|Any CPU.ActiveCfg = Debug|Any CPU
		{43383575-4482-4F42-B15D-ECCCE95E9EE8}.Debug|Any CPU.Build.0 = Debug|Any CPU
		{43383575-4482-4F42-B15D-ECCCE95E9EE8}.Release|Any CPU.ActiveCfg = Release|Any CPU
		{43383575-4482-4F42-B15D-ECCCE95E9EE8}.Release|Any CPU.Build.0 = Release|Any CPU
	EndGlobalSection
	GlobalSection(SolutionProperties) = preSolution
		HideSolutionNode = FALSE
	EndGlobalSection
	GlobalSection(ExtensibilityGlobals) = postSolution
		SolutionGuid = {70490D4F-4F3F-4B8D-AC93-A297DBB036A0}
	EndGlobalSection
EndGlobal
